
Microsoft Visual Studio Solution File, Format Version 12.00
# Visual Studio Version 17
VisualStudioVersion = 17.4.33205.214
MinimumVisualStudioVersion = 10.0.40219.1
Project("{9A19103F-16F7-4668-BE54-9A1E7A4F7556}") = "ScoobyRelationshipAPI", "ScoobyRelationshipAPI.csproj", "{82900107-AFE2-4729-8DCD-E6514A760B08}"
EndProject
Project("{9A19103F-16F7-4668-BE54-9A1E7A4F7556}") = "ScoobWebApp", "..\ScoobWebApp\ScoobWebApp.csproj", "{0DD1E8E2-657F-448A-9728-727BBB12BD02}"
EndProject
Project("{9A19103F-16F7-4668-BE54-9A1E7A4F7556}") = "ScoobTestFramework", "..\ScoobTestFramework\ScoobTestFramework.csproj", "{C4949CDD-645D-48CD-B5C4-E4E683C107AF}"
EndProject
Project("{9A19103F-16F7-4668-BE54-9A1E7A4F7556}") = "ScoobTestBDD", "..\ScoobTestBDD\ScoobTestBDD.csproj", "{49B37ADE-819D-4455-90EC-04B9297F4E8E}"
EndProject
Project("{9A19103F-16F7-4668-BE54-9A1E7A4F7556}") = "ScoobIntegrationTest", "..\ScoobIntegrationTest\ScoobIntegrationTest.csproj", "{86998CAC-B41F-45DF-944C-CE046ED2FF6D}"
EndProject
Project("{FAE04EC0-301F-11D3-BF4B-00C04F79EFBC}") = "ScoobyUnitTests", "..\ScoobyUnitTests\ScoobyUnitTests.csproj", "{1889D644-24E2-4079-93DA-CE509710490C}"
EndProject
Global
	GlobalSection(SolutionConfigurationPlatforms) = preSolution
		Debug|Any CPU = Debug|Any CPU
		Release|Any CPU = Release|Any CPU
	EndGlobalSection
	GlobalSection(ProjectConfigurationPlatforms) = postSolution
		{82900107-AFE2-4729-8DCD-E6514A760B08}.Debug|Any CPU.ActiveCfg = Debug|Any CPU
		{82900107-AFE2-4729-8DCD-E6514A760B08}.Debug|Any CPU.Build.0 = Debug|Any CPU
		{82900107-AFE2-4729-8DCD-E6514A760B08}.Release|Any CPU.ActiveCfg = Release|Any CPU
		{82900107-AFE2-4729-8DCD-E6514A760B08}.Release|Any CPU.Build.0 = Release|Any CPU
		{0DD1E8E2-657F-448A-9728-727BBB12BD02}.Debug|Any CPU.ActiveCfg = Debug|Any CPU
		{0DD1E8E2-657F-448A-9728-727BBB12BD02}.Debug|Any CPU.Build.0 = Debug|Any CPU
		{0DD1E8E2-657F-448A-9728-727BBB12BD02}.Release|Any CPU.ActiveCfg = Release|Any CPU
		{0DD1E8E2-657F-448A-9728-727BBB12BD02}.Release|Any CPU.Build.0 = Release|Any CPU
		{C4949CDD-645D-48CD-B5C4-E4E683C107AF}.Debug|Any CPU.ActiveCfg = Debug|Any CPU
		{C4949CDD-645D-48CD-B5C4-E4E683C107AF}.Debug|Any CPU.Build.0 = Debug|Any CPU
		{C4949CDD-645D-48CD-B5C4-E4E683C107AF}.Release|Any CPU.ActiveCfg = Release|Any CPU
		{C4949CDD-645D-48CD-B5C4-E4E683C107AF}.Release|Any CPU.Build.0 = Release|Any CPU
		{49B37ADE-819D-4455-90EC-04B9297F4E8E}.Debug|Any CPU.ActiveCfg = Debug|Any CPU
		{49B37ADE-819D-4455-90EC-04B9297F4E8E}.Debug|Any CPU.Build.0 = Debug|Any CPU
		{49B37ADE-819D-4455-90EC-04B9297F4E8E}.Release|Any CPU.ActiveCfg = Release|Any CPU
		{49B37ADE-819D-4455-90EC-04B9297F4E8E}.Release|Any CPU.Build.0 = Release|Any CPU
		{86998CAC-B41F-45DF-944C-CE046ED2FF6D}.Debug|Any CPU.ActiveCfg = Debug|Any CPU
		{86998CAC-B41F-45DF-944C-CE046ED2FF6D}.Debug|Any CPU.Build.0 = Debug|Any CPU
		{86998CAC-B41F-45DF-944C-CE046ED2FF6D}.Release|Any CPU.ActiveCfg = Release|Any CPU
		{86998CAC-B41F-45DF-944C-CE046ED2FF6D}.Release|Any CPU.Build.0 = Release|Any CPU
		{1889D644-24E2-4079-93DA-CE509710490C}.Debug|Any CPU.ActiveCfg = Debug|Any CPU
		{1889D644-24E2-4079-93DA-CE509710490C}.Debug|Any CPU.Build.0 = Debug|Any CPU
		{1889D644-24E2-4079-93DA-CE509710490C}.Release|Any CPU.ActiveCfg = Release|Any CPU
		{1889D644-24E2-4079-93DA-CE509710490C}.Release|Any CPU.Build.0 = Release|Any CPU
	EndGlobalSection
	GlobalSection(SolutionProperties) = preSolution
		HideSolutionNode = FALSE
	EndGlobalSection
	GlobalSection(ExtensibilityGlobals) = postSolution
		SolutionGuid = {F21703B6-6714-4665-B5B4-7B43685BAACA}
	EndGlobalSection
EndGlobal
